<?xml version="1.0" encoding="UTF-8"?><plist><dict><key>archiveVersion</key><string>1</string><key>classes</key><dict/><key>objectVersion</key><string>42</string><key>objects</key><dict><key>000000000000000000000000</key><dict><key>isa</key><string>PBXFileReference</string><key>name</key><string>MCR20A_Phy.c</string><key>path</key><string>../app/Libraries/MSSTATEPAN/target/STM32_MCR20A/MCR20A/MCR20Drv/MCR20A_Phy.c</string><key>sourceTree</key><string>SOURCE_ROOT</string></dict><key>000000000000000000000001</key><dict><key>isa</key><string>PBXFileReference</string><key>name</key><string>MCR20A_port.c</string><key>path</key><string>../app/Libraries/MSSTATEPAN/target/STM32_MCR20A/MCR20A/MCR20Drv/STM32/MCR20A_port.c</string><key>sourceTree</key><string>SOURCE_ROOT</string></dict><key>000000000000000000000002</key><dict><key>isa</key><string>PBXFileReference</string><key>name</key><string>MCR20Drv.c</string><key>path</key><string>../app/Libraries/MSSTATEPAN/target/STM32_MCR20A/MCR20A/MCR20Drv/STM32/MCR20Drv.c</string><key>sourceTree</key><string>SOURCE_ROOT</string></dict><key>000000000000000000000003</key><dict><key>isa</key><string>PBXFileReference</string><key>name</key><string>api_lib.c</string><key>path</key><string>../app/Libraries/lwip_v1.3.2/src/api/api_lib.c</string><key>sourceTree</key><string>SOURCE_ROOT</string></dict><key>000000000000000000000004</key><dict><key>isa</key><string>PBXFileReference</string><key>name</key><string>api_msg.c</string><key>path</key><string>../app/Libraries/lwip_v1.3.2/src/api/api_msg.c</string><key>sourceTree</key><string>SOURCE_ROOT</string></dict><key>000000000000000000000005</key><dict><key>isa</key><string>PBXFileReference</string><key>name</key><string>aps.c</string><key>path</key><string>../app/Libraries/MSSTATEPAN/aps.c</string><key>sourceTree</key><string>SOURCE_ROOT</string></dict><key>000000000000000000000006</key><dict><key>isa</key><string>PBXFileReference</string><key>name</key><string>autoip.c</string><key>path</key><string>../app/Libraries/lwip_v1.3.2/src/core/ipv4/autoip.c</string><key>sourceTree</key><string>SOURCE_ROOT</string></dict><key>000000000000000000000007</key><dict><key>isa</key><string>PBXFileReference</string><key>name</key><string>board.c</string><key>path</key><string>../app/board.c</string><key>sourceTree</key><string>SOURCE_ROOT</string></dict><key>000000000000000000000008</key><dict><key>isa</key><string>PBXFileReference</string><key>name</key><string>console.c</string><key>path</key><string>../app/Libraries/MSSTATEPAN/console.c</string><key>sourceTree</key><string>SOURCE_ROOT</string></dict><key>000000000000000000000009</key><dict><key>isa</key><string>PBXFileReference</string><key>name</key><string>debug.c</string><key>path</key><string>../app/Libraries/MSSTATEPAN/debug.c</string><key>sourceTree</key><string>SOURCE_ROOT</string></dict><key>00000000000000000000000a</key><dict><key>isa</key><string>PBXFileReference</string><key>name</key><string>delay.c</string><key>path</key><string>../app/delay.c</string><key>sourceTree</key><string>SOURCE_ROOT</string></dict><key>00000000000000000000000b</key><dict><key>isa</key><string>PBXFileReference</string><key>name</key><string>dhcp.c</string><key>path</key><string>../app/Libraries/lwip_v1.3.2/src/core/dhcp.c</string><key>sourceTree</key><string>SOURCE_ROOT</string></dict><key>00000000000000000000000c</key><dict><key>isa</key><string>PBXFileReference</string><key>name</key><string>dns.c</string><key>path</key><string>../app/Libraries/lwip_v1.3.2/src/core/dns.c</string><key>sourceTree</key><string>SOURCE_ROOT</string></dict><key>00000000000000000000000d</key><dict><key>isa</key><string>PBXFileReference</string><key>name</key><string>err.c</string><key>path</key><string>../app/Libraries/lwip_v1.3.2/src/api/err.c</string><key>sourceTree</key><string>SOURCE_ROOT</string></dict><key>00000000000000000000000e</key><dict><key>isa</key><string>PBXFileReference</string><key>name</key><string>etharp.c</string><key>path</key><string>../app/Libraries/lwip_v1.3.2/src/netif/etharp.c</string><key>sourceTree</key><string>SOURCE_ROOT</string></dict><key>00000000000000000000000f</key><dict><key>isa</key><string>PBXFileReference</string><key>name</key><string>ethernetif.c</string><key>path</key><string>../app/Libraries/lwip_v1.3.2/port/STM32F2x7/Standalone/ethernetif.c</string><key>sourceTree</key><string>SOURCE_ROOT</string></dict><key>000000000000000000000010</key><dict><key>isa</key><string>PBXFileReference</string><key>name</key><string>gdb_1kxmodem.c</string><key>path</key><string>../app/gdb_1kxmodem.c</string><key>sourceTree</key><string>SOURCE_ROOT</string></dict><key>000000000000000000000011</key><dict><key>isa</key><string>PBXFileReference</string><key>name</key><string>halNeighbor.c</string><key>path</key><string>../app/Libraries/MSSTATEPAN/target/STM32_MCR20A/MCR20A/halNeighbor.c</string><key>sourceTree</key><string>SOURCE_ROOT</string></dict><key>000000000000000000000012</key><dict><key>isa</key><string>PBXFileReference</string><key>name</key><string>halStack.c</string><key>path</key><string>../app/Libraries/MSSTATEPAN/target/STM32_MCR20A/MCR20A/halStack.c</string><key>sourceTree</key><string>SOURCE_ROOT</string></dict><key>000000000000000000000013</key><dict><key>isa</key><string>PBXFileReference</string><key>name</key><string>iap.c</string><key>path</key><string>../app/iap.c</string><key>sourceTree</key><string>SOURCE_ROOT</string></dict><key>000000000000000000000014</key><dict><key>isa</key><string>PBXFileReference</string><key>name</key><string>icmp.c</string><key>path</key><string>../app/Libraries/lwip_v1.3.2/src/core/ipv4/icmp.c</string><key>sourceTree</key><string>SOURCE_ROOT</string></dict><key>000000000000000000000015</key><dict><key>isa</key><string>PBXFileReference</string><key>name</key><string>igmp.c</string><key>path</key><string>../app/Libraries/lwip_v1.3.2/src/core/ipv4/igmp.c</string><key>sourceTree</key><string>SOURCE_ROOT</string></dict><key>000000000000000000000016</key><dict><key>isa</key><string>PBXFileReference</string><key>name</key><string>inet.c</string><key>path</key><string>../app/Libraries/lwip_v1.3.2/src/core/ipv4/inet.c</string><key>sourceTree</key><string>SOURCE_ROOT</string></dict><key>000000000000000000000017</key><dict><key>isa</key><string>PBXFileReference</string><key>name</key><string>inet_chksum.c</string><key>path</key><string>../app/Libraries/lwip_v1.3.2/src/core/ipv4/inet_chksum.c</string><key>sourceTree</key><string>SOURCE_ROOT</string></dict><key>000000000000000000000018</key><dict><key>isa</key><string>PBXFileReference</string><key>name</key><string>init.c</string><key>path</key><string>../app/Libraries/lwip_v1.3.2/src/core/init.c</string><key>sourceTree</key><string>SOURCE_ROOT</string></dict><key>000000000000000000000019</key><dict><key>isa</key><string>PBXFileReference</string><key>name</key><string>ip.c</string><key>path</key><string>../app/Libraries/lwip_v1.3.2/src/core/ipv4/ip.c</string><key>sourceTree</key><string>SOURCE_ROOT</string></dict><key>00000000000000000000001a</key><dict><key>isa</key><string>PBXFileReference</string><key>name</key><string>ip_addr.c</string><key>path</key><string>../app/Libraries/lwip_v1.3.2/src/core/ipv4/ip_addr.c</string><key>sourceTree</key><string>SOURCE_ROOT</string></dict><key>00000000000000000000001b</key><dict><key>isa</key><string>PBXFileReference</string><key>name</key><string>ip_frag.c</string><key>path</key><string>../app/Libraries/lwip_v1.3.2/src/core/ipv4/ip_frag.c</string><key>sourceTree</key><string>SOURCE_ROOT</string></dict><key>00000000000000000000001c</key><dict><key>isa</key><string>PBXFileReference</string><key>name</key><string>loopif.c</string><key>path</key><string>../app/Libraries/lwip_v1.3.2/src/netif/loopif.c</string><key>sourceTree</key><string>SOURCE_ROOT</string></dict><key>00000000000000000000001d</key><dict><key>isa</key><string>PBXFileReference</string><key>name</key><string>mac.c</string><key>path</key><string>../app/Libraries/MSSTATEPAN/mac.c</string><key>sourceTree</key><string>SOURCE_ROOT</string></dict><key>00000000000000000000001e</key><dict><key>isa</key><string>PBXFileReference</string><key>name</key><string>main.c</string><key>path</key><string>../app/main.c</string><key>sourceTree</key><string>SOURCE_ROOT</string></dict><key>00000000000000000000001f</key><dict><key>isa</key><string>PBXFileReference</string><key>name</key><string>md5.c</string><key>path</key><string>../app/Libraries/MD5/md5.c</string><key>sourceTree</key><string>SOURCE_ROOT</string></dict><key>000000000000000000000020</key><dict><key>isa</key><string>PBXFileReference</string><key>name</key><string>mem.c</string><key>path</key><string>../app/Libraries/lwip_v1.3.2/src/core/mem.c</string><key>sourceTree</key><string>SOURCE_ROOT</string></dict><key>000000000000000000000021</key><dict><key>isa</key><string>PBXFileReference</string><key>name</key><string>memalloc.c</string><key>path</key><string>../app/Libraries/MSSTATEPAN/memalloc.c</string><key>sourceTree</key><string>SOURCE_ROOT</string></dict><key>000000000000000000000022</key><dict><key>isa</key><string>PBXFileReference</string><key>name</key><string>memp.c</string><key>path</key><string>../app/Libraries/lwip_v1.3.2/src/core/memp.c</string><key>sourceTree</key><string>SOURCE_ROOT</string></dict><key>000000000000000000000023</key><dict><key>isa</key><string>PBXFileReference</string><key>name</key><string>misc.c</string><key>path</key><string>../app/Libraries/STM32F2xx_StdPeriph_Driver/src/misc.c</string><key>sourceTree</key><string>SOURCE_ROOT</string></dict><key>000000000000000000000024</key><dict><key>isa</key><string>PBXFileReference</string><key>name</key><string>neighbor.c</string><key>path</key><string>../app/Libraries/MSSTATEPAN/neighbor.c</string><key>sourceTree</key><string>SOURCE_ROOT</string></dict><key>000000000000000000000025</key><dict><key>isa</key><string>PBXFileReference</string><key>name</key><string>netbuf.c</string><key>path</key><string>../app/Libraries/lwip_v1.3.2/src/api/netbuf.c</string><key>sourceTree</key><string>SOURCE_ROOT</string></dict><key>000000000000000000000026</key><dict><key>isa</key><string>PBXFileReference</string><key>name</key><string>netconf.c</string><key>path</key><string>../app/Libraries/lwip_v1.3.2/config/netconf.c</string><key>sourceTree</key><string>SOURCE_ROOT</string></dict><key>000000000000000000000027</key><dict><key>isa</key><string>PBXFileReference</string><key>name</key><string>netdb.c</string><key>path</key><string>../app/Libraries/lwip_v1.3.2/src/api/netdb.c</string><key>sourceTree</key><string>SOURCE_ROOT</string></dict><key>000000000000000000000028</key><dict><key>isa</key><string>PBXFileReference</string><key>name</key><string>netif.c</string><key>path</key><string>../app/Libraries/lwip_v1.3.2/src/core/netif.c</string><key>sourceTree</key><string>SOURCE_ROOT</string></dict><key>000000000000000000000029</key><dict><key>isa</key><string>PBXFileReference</string><key>name</key><string>netifapi.c</string><key>path</key><string>../app/Libraries/lwip_v1.3.2/src/api/netifapi.c</string><key>sourceTree</key><string>SOURCE_ROOT</string></dict><key>00000000000000000000002a</key><dict><key>isa</key><string>PBXFileReference</string><key>name</key><string>nwk.c</string><key>path</key><string>../app/Libraries/MSSTATEPAN/nwk.c</string><key>sourceTree</key><string>SOURCE_ROOT</string></dict><key>00000000000000000000002b</key><dict><key>isa</key><string>PBXFileReference</string><key>name</key><string>pbuf.c</string><key>path</key><string>../app/Libraries/lwip_v1.3.2/src/core/pbuf.c</string><key>sourceTree</key><string>SOURCE_ROOT</string></dict><key>00000000000000000000002c</key><dict><key>isa</key><string>PBXFileReference</string><key>name</key><string>phy.c</string><key>path</key><string>../app/Libraries/MSSTATEPAN/phy.c</string><key>sourceTree</key><string>SOURCE_ROOT</string></dict><key>00000000000000000000002d</key><dict><key>isa</key><string>PBXFileReference</string><key>name</key><string>raw.c</string><key>path</key><string>../app/Libraries/lwip_v1.3.2/src/core/raw.c</string><key>sourceTree</key><string>SOURCE_ROOT</string></dict><key>00000000000000000000002e</key><dict><key>isa</key><string>PBXFileReference</string><key>name</key><string>slipif.c</string><key>path</key><string>../app/Libraries/lwip_v1.3.2/src/netif/slipif.c</string><key>sourceTree</key><string>SOURCE_ROOT</string></dict><key>00000000000000000000002f</key><dict><key>isa</key><string>PBXFileReference</string><key>name</key><string>sockets.c</string><key>path</key><string>../app/Libraries/lwip_v1.3.2/src/api/sockets.c</string><key>sourceTree</key><string>SOURCE_ROOT</string></dict><key>000000000000000000000030</key><dict><key>isa</key><string>PBXFileReference</string><key>name</key><string>spi.c</string><key>path</key><string>../app/SPI/spi.c</string><key>sourceTree</key><string>SOURCE_ROOT</string></dict><key>000000000000000000000031</key><dict><key>isa</key><string>PBXFileReference</string><key>name</key><string>stack_entry.c</string><key>path</key><string>../app/Libraries/MSSTATEPAN/stackEntrance/stack_entry.c</string><key>sourceTree</key><string>SOURCE_ROOT</string></dict><key>000000000000000000000032</key><dict><key>isa</key><string>PBXFileReference</string><key>name</key><string>startup_stm32f207xx.s</string><key>path</key><string>../app/Libraries/CMSIS/Device/ST/STM32F2xx/Source/Templates/gcc_coide/startup_stm32f207xx.s</string><key>sourceTree</key><string>SOURCE_ROOT</string></dict><key>000000000000000000000033</key><dict><key>isa</key><string>PBXFileReference</string><key>name</key><string>staticbind.c</string><key>path</key><string>../app/Libraries/MSSTATEPAN/staticbind.c</string><key>sourceTree</key><string>SOURCE_ROOT</string></dict><key>000000000000000000000034</key><dict><key>isa</key><string>PBXFileReference</string><key>name</key><string>stats.c</string><key>path</key><string>../app/Libraries/lwip_v1.3.2/src/core/stats.c</string><key>sourceTree</key><string>SOURCE_ROOT</string></dict><key>000000000000000000000035</key><dict><key>isa</key><string>PBXFileReference</string><key>name</key><string>stm32f2x7_eth.c</string><key>path</key><string>../app/Libraries/STM32F2x7_ETH_Driver/src/stm32f2x7_eth.c</string><key>sourceTree</key><string>SOURCE_ROOT</string></dict><key>000000000000000000000036</key><dict><key>isa</key><string>PBXFileReference</string><key>name</key><string>stm32f2x7_eth_bsp.c</string><key>path</key><string>../app/Libraries/STM32F2x7_ETH_Driver/src/stm32f2x7_eth_bsp.c</string><key>sourceTree</key><string>SOURCE_ROOT</string></dict><key>000000000000000000000037</key><dict><key>isa</key><string>PBXFileReference</string><key>name</key><string>stm32f2xx_adc.c</string><key>path</key><string>../app/Libraries/STM32F2xx_StdPeriph_Driver/src/stm32f2xx_adc.c</string><key>sourceTree</key><string>SOURCE_ROOT</string></dict><key>000000000000000000000038</key><dict><key>isa</key><string>PBXFileReference</string><key>name</key><string>stm32f2xx_can.c</string><key>path</key><string>../app/Libraries/STM32F2xx_StdPeriph_Driver/src/stm32f2xx_can.c</string><key>sourceTree</key><string>SOURCE_ROOT</string></dict><key>000000000000000000000039</key><dict><key>isa</key><string>PBXFileReference</string><key>name</key><string>stm32f2xx_crc.c</string><key>path</key><string>../app/Libraries/STM32F2xx_StdPeriph_Driver/src/stm32f2xx_crc.c</string><key>sourceTree</key><string>SOURCE_ROOT</string></dict><key>00000000000000000000003a</key><dict><key>isa</key><string>PBXFileReference</string><key>name</key><string>stm32f2xx_dac.c</string><key>path</key><string>../app/Libraries/STM32F2xx_StdPeriph_Driver/src/stm32f2xx_dac.c</string><key>sourceTree</key><string>SOURCE_ROOT</string></dict><key>00000000000000000000003b</key><dict><key>isa</key><string>PBXFileReference</string><key>name</key><string>stm32f2xx_dbgmcu.c</string><key>path</key><string>../app/Libraries/STM32F2xx_StdPeriph_Driver/src/stm32f2xx_dbgmcu.c</string><key>sourceTree</key><string>SOURCE_ROOT</string></dict><key>00000000000000000000003c</key><dict><key>isa</key><string>PBXFileReference</string><key>name</key><string>stm32f2xx_dcmi.c</string><key>path</key><string>../app/Libraries/STM32F2xx_StdPeriph_Driver/src/stm32f2xx_dcmi.c</string><key>sourceTree</key><string>SOURCE_ROOT</string></dict><key>00000000000000000000003d</key><dict><key>isa</key><string>PBXFileReference</string><key>name</key><string>stm32f2xx_dma.c</string><key>path</key><string>../app/Libraries/STM32F2xx_StdPeriph_Driver/src/stm32f2xx_dma.c</string><key>sourceTree</key><string>SOURCE_ROOT</string></dict><key>00000000000000000000003e</key><dict><key>isa</key><string>PBXFileReference</string><key>name</key><string>stm32f2xx_exti.c</string><key>path</key><string>../app/Libraries/STM32F2xx_StdPeriph_Driver/src/stm32f2xx_exti.c</string><key>sourceTree</key><string>SOURCE_ROOT</string></dict><key>00000000000000000000003f</key><dict><key>isa</key><string>PBXFileReference</string><key>name</key><string>stm32f2xx_flash.c</string><key>path</key><string>../app/Libraries/STM32F2xx_StdPeriph_Driver/src/stm32f2xx_flash.c</string><key>sourceTree</key><string>SOURCE_ROOT</string></dict><key>000000000000000000000040</key><dict><key>isa</key><string>PBXFileReference</string><key>name</key><string>stm32f2xx_fsmc.c</string><key>path</key><string>../app/Libraries/STM32F2xx_StdPeriph_Driver/src/stm32f2xx_fsmc.c</string><key>sourceTree</key><string>SOURCE_ROOT</string></dict><key>000000000000000000000041</key><dict><key>isa</key><string>PBXFileReference</string><key>name</key><string>stm32f2xx_gpio.c</string><key>path</key><string>../app/Libraries/STM32F2xx_StdPeriph_Driver/src/stm32f2xx_gpio.c</string><key>sourceTree</key><string>SOURCE_ROOT</string></dict><key>000000000000000000000042</key><dict><key>isa</key><string>PBXFileReference</string><key>name</key><string>stm32f2xx_hash.c</string><key>path</key><string>../app/Libraries/STM32F2xx_StdPeriph_Driver/src/stm32f2xx_hash.c</string><key>sourceTree</key><string>SOURCE_ROOT</string></dict><key>000000000000000000000043</key><dict><key>isa</key><string>PBXFileReference</string><key>name</key><string>stm32f2xx_hash_md5.c</string><key>path</key><string>../app/Libraries/STM32F2xx_StdPeriph_Driver/src/stm32f2xx_hash_md5.c</string><key>sourceTree</key><string>SOURCE_ROOT</string></dict><key>000000000000000000000044</key><dict><key>isa</key><string>PBXFileReference</string><key>name</key><string>stm32f2xx_hash_sha1.c</string><key>path</key><string>../app/Libraries/STM32F2xx_StdPeriph_Driver/src/stm32f2xx_hash_sha1.c</string><key>sourceTree</key><string>SOURCE_ROOT</string></dict><key>000000000000000000000045</key><dict><key>isa</key><string>PBXFileReference</string><key>name</key><string>stm32f2xx_i2c.c</string><key>path</key><string>../app/Libraries/STM32F2xx_StdPeriph_Driver/src/stm32f2xx_i2c.c</string><key>sourceTree</key><string>SOURCE_ROOT</string></dict><key>000000000000000000000046</key><dict><key>isa</key><string>PBXFileReference</string><key>name</key><string>stm32f2xx_it.c</string><key>path</key><string>../app/stm32f2xx_it.c</string><key>sourceTree</key><string>SOURCE_ROOT</string></dict><key>000000000000000000000047</key><dict><key>isa</key><string>PBXFileReference</string><key>name</key><string>stm32f2xx_iwdg.c</string><key>path</key><string>../app/Libraries/STM32F2xx_StdPeriph_Driver/src/stm32f2xx_iwdg.c</string><key>sourceTree</key><string>SOURCE_ROOT</string></dict><key>000000000000000000000048</key><dict><key>isa</key><string>PBXFileReference</string><key>name</key><string>stm32f2xx_pwr.c</string><key>path</key><string>../app/Libraries/STM32F2xx_StdPeriph_Driver/src/stm32f2xx_pwr.c</string><key>sourceTree</key><string>SOURCE_ROOT</string></dict><key>000000000000000000000049</key><dict><key>isa</key><string>PBXFileReference</string><key>name</key><string>stm32f2xx_rcc.c</string><key>path</key><string>../app/Libraries/STM32F2xx_StdPeriph_Driver/src/stm32f2xx_rcc.c</string><key>sourceTree</key><string>SOURCE_ROOT</string></dict><key>00000000000000000000004a</key><dict><key>isa</key><string>PBXFileReference</string><key>name</key><string>stm32f2xx_rng.c</string><key>path</key><string>../app/Libraries/STM32F2xx_StdPeriph_Driver/src/stm32f2xx_rng.c</string><key>sourceTree</key><string>SOURCE_ROOT</string></dict><key>00000000000000000000004b</key><dict><key>isa</key><string>PBXFileReference</string><key>name</key><string>stm32f2xx_rtc.c</string><key>path</key><string>../app/Libraries/STM32F2xx_StdPeriph_Driver/src/stm32f2xx_rtc.c</string><key>sourceTree</key><string>SOURCE_ROOT</string></dict><key>00000000000000000000004c</key><dict><key>isa</key><string>PBXFileReference</string><key>name</key><string>stm32f2xx_sdio.c</string><key>path</key><string>../app/Libraries/STM32F2xx_StdPeriph_Driver/src/stm32f2xx_sdio.c</string><key>sourceTree</key><string>SOURCE_ROOT</string></dict><key>00000000000000000000004d</key><dict><key>isa</key><string>PBXFileReference</string><key>name</key><string>stm32f2xx_spi.c</string><key>path</key><string>../app/Libraries/STM32F2xx_StdPeriph_Driver/src/stm32f2xx_spi.c</string><key>sourceTree</key><string>SOURCE_ROOT</string></dict><key>00000000000000000000004e</key><dict><key>isa</key><string>PBXFileReference</string><key>name</key><string>stm32f2xx_syscfg.c</string><key>path</key><string>../app/Libraries/STM32F2xx_StdPeriph_Driver/src/stm32f2xx_syscfg.c</string><key>sourceTree</key><string>SOURCE_ROOT</string></dict><key>00000000000000000000004f</key><dict><key>isa</key><string>PBXFileReference</string><key>name</key><string>stm32f2xx_tim.c</string><key>path</key><string>../app/Libraries/STM32F2xx_StdPeriph_Driver/src/stm32f2xx_tim.c</string><key>sourceTree</key><string>SOURCE_ROOT</string></dict><key>000000000000000000000050</key><dict><key>isa</key><string>PBXFileReference</string><key>name</key><string>stm32f2xx_usart.c</string><key>path</key><string>../app/Libraries/STM32F2xx_StdPeriph_Driver/src/stm32f2xx_usart.c</string><key>sourceTree</key><string>SOURCE_ROOT</string></dict><key>000000000000000000000051</key><dict><key>isa</key><string>PBXFileReference</string><key>name</key><string>stm32f2xx_wwdg.c</string><key>path</key><string>../app/Libraries/STM32F2xx_StdPeriph_Driver/src/stm32f2xx_wwdg.c</string><key>sourceTree</key><string>SOURCE_ROOT</string></dict><key>000000000000000000000052</key><dict><key>isa</key><string>PBXFileReference</string><key>name</key><string>sys.c</string><key>path</key><string>../app/Libraries/lwip_v1.3.2/src/core/sys.c</string><key>sourceTree</key><string>SOURCE_ROOT</string></dict><key>000000000000000000000053</key><dict><key>isa</key><string>PBXFileReference</string><key>name</key><string>system_stm32f2xx.c</string><key>path</key><string>../app/Libraries/CMSIS/Device/ST/STM32F2xx/Source/Templates/system_stm32f2xx.c</string><key>sourceTree</key><string>SOURCE_ROOT</string></dict><key>000000000000000000000054</key><dict><key>isa</key><string>PBXFileReference</string><key>name</key><string>tcp.c</string><key>path</key><string>../app/Libraries/lwip_v1.3.2/src/core/tcp.c</string><key>sourceTree</key><string>SOURCE_ROOT</string></dict><key>000000000000000000000055</key><dict><key>isa</key><string>PBXFileReference</string><key>name</key><string>tcp_in.c</string><key>path</key><string>../app/Libraries/lwip_v1.3.2/src/core/tcp_in.c</string><key>sourceTree</key><string>SOURCE_ROOT</string></dict><key>000000000000000000000056</key><dict><key>isa</key><string>PBXFileReference</string><key>name</key><string>tcp_out.c</string><key>path</key><string>../app/Libraries/lwip_v1.3.2/src/core/tcp_out.c</string><key>sourceTree</key><string>SOURCE_ROOT</string></dict><key>000000000000000000000057</key><dict><key>isa</key><string>PBXFileReference</string><key>name</key><string>tcpip.c</string><key>path</key><string>../app/Libraries/lwip_v1.3.2/src/api/tcpip.c</string><key>sourceTree</key><string>SOURCE_ROOT</string></dict><key>000000000000000000000058</key><dict><key>isa</key><string>PBXFileReference</string><key>name</key><string>udp.c</string><key>path</key><string>../app/Libraries/lwip_v1.3.2/src/core/udp.c</string><key>sourceTree</key><string>SOURCE_ROOT</string></dict><key>000000000000000000000059</key><dict><key>isa</key><string>PBXFileReference</string><key>name</key><string>udpServer.c</string><key>path</key><string>../app/udpServer.c</string><key>sourceTree</key><string>SOURCE_ROOT</string></dict><key>00000000000000000000005a</key><dict><key>isa</key><string>PBXFileReference</string><key>name</key><string>xprintf.c</string><key>path</key><string>../app/xprintf.c</string><key>sourceTree</key><string>SOURCE_ROOT</string></dict><key>00000000000000000000005b</key><dict><key>isa</key><string>PBXFileReference</string><key>name</key><string>zep.c</string><key>path</key><string>../app/Libraries/MSSTATEPAN/zep.c</string><key>sourceTree</key><string>SOURCE_ROOT</string></dict><key>00000000000000000000005c</key><dict><key>children</key><array><string>000000000000000000000000</string><string>000000000000000000000001</string><string>000000000000000000000002</string><string>000000000000000000000003</string><string>000000000000000000000004</string><string>000000000000000000000005</string><string>000000000000000000000006</string><string>000000000000000000000007</string><string>000000000000000000000008</string><string>000000000000000000000009</string><string>00000000000000000000000a</string><string>00000000000000000000000b</string><string>00000000000000000000000c</string><string>00000000000000000000000d</string><string>00000000000000000000000e</string><string>00000000000000000000000f</string><string>000000000000000000000010</string><string>000000000000000000000011</string><string>000000000000000000000012</string><string>000000000000000000000013</string><string>000000000000000000000014</string><string>000000000000000000000015</string><string>000000000000000000000016</string><string>000000000000000000000017</string><string>000000000000000000000018</string><string>000000000000000000000019</string><string>00000000000000000000001a</string><string>00000000000000000000001b</string><string>00000000000000000000001c</string><string>00000000000000000000001d</string><string>00000000000000000000001e</string><string>00000000000000000000001f</string><string>000000000000000000000020</string><string>000000000000000000000021</string><string>000000000000000000000022</string><string>000000000000000000000023</string><string>000000000000000000000024</string><string>000000000000000000000025</string><string>000000000000000000000026</string><string>000000000000000000000027</string><string>000000000000000000000028</string><string>000000000000000000000029</string><string>00000000000000000000002a</string><string>00000000000000000000002b</string><string>00000000000000000000002c</string><string>00000000000000000000002d</string><string>00000000000000000000002e</string><string>00000000000000000000002f</string><string>000000000000000000000030</string><string>000000000000000000000031</string><string>000000000000000000000032</string><string>000000000000000000000033</string><string>000000000000000000000034</string><string>000000000000000000000035</string><string>000000000000000000000036</string><string>000000000000000000000037</string><string>000000000000000000000038</string><string>000000000000000000000039</string><string>00000000000000000000003a</string><string>00000000000000000000003b</string><string>00000000000000000000003c</string><string>00000000000000000000003d</string><string>00000000000000000000003e</string><string>00000000000000000000003f</string><string>000000000000000000000040</string><string>000000000000000000000041</string><string>000000000000000000000042</string><string>000000000000000000000043</string><string>000000000000000000000044</string><string>000000000000000000000045</string><string>000000000000000000000046</string><string>000000000000000000000047</string><string>000000000000000000000048</string><string>000000000000000000000049</string><string>00000000000000000000004a</string><string>00000000000000000000004b</string><string>00000000000000000000004c</string><string>00000000000000000000004d</string><string>00000000000000000000004e</string><string>00000000000000000000004f</string><string>000000000000000000000050</string><string>000000000000000000000051</string><string>000000000000000000000052</string><string>000000000000000000000053</string><string>000000000000000000000054</string><string>000000000000000000000055</string><string>000000000000000000000056</string><string>000000000000000000000057</string><string>000000000000000000000058</string><string>000000000000000000000059</string><string>00000000000000000000005a</string><string>00000000000000000000005b</string></array><key>isa</key><string>PBXGroup</string><key>name</key><string>Source</string><key>sourceTree</key><string>&lt;source&gt;</string></dict><key>00000000000000000000005d</key><dict><key>explicitFileType</key><string>compiled.mach-o.executable</string><key>includeInIndex</key><string>0</string><key>isa</key><string>PBXFileReference</string><key>name</key><string>app_boot.elf</string><key>path</key><string>../../../BOOT/Debug/bin/app_boot.elf</string><key>sourceTree</key><string>BUILD_PRODUCTS_DIR</string></dict><key>00000000000000000000005e</key><dict><key>children</key><array><string>00000000000000000000005d</string></array><key>isa</key><string>PBXGroup</string><key>name</key><string>Products</string><key>sourceTree</key><string>&lt;source&gt;</string></dict><key>00000000000000000000005f</key><dict><key>children</key><array/><key>isa</key><string>PBXGroup</string><key>name</key><string>Documentation</string><key>sourceTree</key><string>&lt;source&gt;</string></dict><key>000000000000000000000060</key><dict><key>children</key><array><string>00000000000000000000005c</string><string>00000000000000000000005f</string><string>00000000000000000000005e</string></array><key>isa</key><string>PBXGroup</string><key>name</key><string>app_boot.elf</string><key>sourceTree</key><string>&lt;source&gt;</string></dict><key>000000000000000000000061</key><dict><key>buildSettings</key><dict><key>GCC_PREPROCESSOR_DEFINITIONS</key><array><string>USE_STM322xG_EVAL</string><string>STM32F2XX</string><string>USE_STDPERIPH_DRIVER</string><string>STM32F207IG</string><string>STM32F207xx</string><string>BOOT_LOADER=1</string><string>$(inherited)</string></array><key>GCC_WARN_ABOUT_RETURN_TYPE</key><string>YES</string><key>GCC_WARN_UNUSED_VARIABLE</key><string>YES</string><key>HEADER_SEARCH_PATHS</key><array><string>../app/Libraries/lwip_v1.3.2/config</string><string>../app/Libraries/CMSIS/Device/ST/STM32F2xx</string><string>../app/Libraries/STM32F2xx_StdPeriph_Driver/inc</string><string>../app/Libraries/lwip_v1.3.2/src/include/lwip</string><string>../app/Libraries/MSSTATEPAN/target/STM32_MCR20A/MCR20A/MCR20Drv/STM32</string><string>../app/Libraries/CMSIS</string><string>../app/Libraries/STM32F2x7_ETH_Driver/inc</string><string>../app/Libraries/lwip_v1.3.2/src/include</string><string>../app/Libraries</string><string>../app/Libraries/lwip_v1.3.2</string><string>../app/Libraries/lwip_v1.3.2/port</string><string>../app/Libraries/MSSTATEPAN/stackEntrance</string><string>..</string><string>../app/Libraries/CMSIS/Include</string><string>../app/Libraries/MSSTATEPAN/target/STM32_MCR20A</string><string>../app/Libraries/lwip_v1.3.2/port/STM32F2x7/Standalone</string><string>../app/Libraries/MSSTATEPAN/target/STM32_MCR20A/MCR20A/MCR20Drv</string><string>../app/Libraries/MSSTATEPAN/target/STM32_MCR20A/MCR20A</string><string>../app/SPI</string><string>../app/Libraries/lwip_v1.3.2/port/STM32F2x7</string><string>../app/Libraries/CMSIS/Device/ST/STM32F2xx/Include</string><string>../app/Libraries/MD5</string><string>../app/Libraries/MSSTATEPAN/target</string><string>../app/Libraries/lwip_v1.3.2/src/include/ipv4/lwip</string><string>../app/Libraries/lwip_v1.3.2/src</string><string>../..</string><string>../app/Libraries/STM32F2x7_ETH_Driver</string><string>../app/Libraries/MSSTATEPAN</string><string>../app/Libraries/lwip_v1.3.2/src/include/ipv4</string><string>../app</string><string>../app/Libraries/lwip_v1.3.2/src/include/netif</string><string>../app/Libraries/STM32F2xx_StdPeriph_Driver</string><string>../app/Libraries/CMSIS/Device/ST</string><string>../app/Libraries/lwip_v1.3.2/port/STM32F2x7/arch</string><string>${inherited)</string></array><key>LIBRARY_SEARCH_PATHS</key><array/><key>OTHER_LDFLAGS</key><array/><key>PREBINDING</key><string>NO</string><key>SDKROOT</key><string>/Developer/SDKs/MacOSX10.4u.sdk</string></dict><key>isa</key><string>XCBuildConfiguration</string><key>name</key><string>Debug</string></dict><key>000000000000000000000062</key><dict><key>buildSettings</key><dict><key>GCC_PREPROCESSOR_DEFINITIONS</key><array><string>USE_STM322xG_EVAL</string><string>STM32F2XX</string><string>USE_STDPERIPH_DRIVER</string><string>STM32F207IG</string><string>STM32F207xx</string><string>BOOT_LOADER=1</string><string>$(inherited)</string></array><key>GCC_WARN_ABOUT_RETURN_TYPE</key><string>YES</string><key>GCC_WARN_UNUSED_VARIABLE</key><string>YES</string><key>HEADER_SEARCH_PATHS</key><array><string>../app/Libraries/lwip_v1.3.2/config</string><string>../app/Libraries/CMSIS/Device/ST/STM32F2xx</string><string>../app/Libraries/STM32F2xx_StdPeriph_Driver/inc</string><string>../app/Libraries/lwip_v1.3.2/src/include/lwip</string><string>../app/Libraries/MSSTATEPAN/target/STM32_MCR20A/MCR20A/MCR20Drv/STM32</string><string>../app/Libraries/CMSIS</string><string>../app/Libraries/STM32F2x7_ETH_Driver/inc</string><string>../app/Libraries/lwip_v1.3.2/src/include</string><string>../app/Libraries</string><string>../app/Libraries/lwip_v1.3.2</string><string>../app/Libraries/lwip_v1.3.2/port</string><string>../app/Libraries/MSSTATEPAN/stackEntrance</string><string>..</string><string>../app/Libraries/CMSIS/Include</string><string>../app/Libraries/MSSTATEPAN/target/STM32_MCR20A</string><string>../app/Libraries/lwip_v1.3.2/port/STM32F2x7/Standalone</string><string>../app/Libraries/MSSTATEPAN/target/STM32_MCR20A/MCR20A/MCR20Drv</string><string>../app/Libraries/MSSTATEPAN/target/STM32_MCR20A/MCR20A</string><string>../app/SPI</string><string>../app/Libraries/lwip_v1.3.2/port/STM32F2x7</string><string>../app/Libraries/CMSIS/Device/ST/STM32F2xx/Include</string><string>../app/Libraries/MD5</string><string>../app/Libraries/MSSTATEPAN/target</string><string>../app/Libraries/lwip_v1.3.2/src/include/ipv4/lwip</string><string>../app/Libraries/lwip_v1.3.2/src</string><string>../..</string><string>../app/Libraries/STM32F2x7_ETH_Driver</string><string>../app/Libraries/MSSTATEPAN</string><string>../app/Libraries/lwip_v1.3.2/src/include/ipv4</string><string>../app</string><string>../app/Libraries/lwip_v1.3.2/src/include/netif</string><string>../app/Libraries/STM32F2xx_StdPeriph_Driver</string><string>../app/Libraries/CMSIS/Device/ST</string><string>../app/Libraries/lwip_v1.3.2/port/STM32F2x7/arch</string><string>${inherited)</string></array><key>LIBRARY_SEARCH_PATHS</key><array/><key>OTHER_LDFLAGS</key><array/><key>PREBINDING</key><string>NO</string><key>SDKROOT</key><string>/Developer/SDKs/MacOSX10.4u.sdk</string></dict><key>isa</key><string>XCBuildConfiguration</string><key>name</key><string>Release</string></dict><key>000000000000000000000063</key><dict><key>buildConfigurations</key><array><string>000000000000000000000061</string><string>000000000000000000000062</string></array><key>defaultConfigurationIsVisible</key><string>0</string><key>defaultConfigurationName</key><string>Debug</string><key>isa</key><string>XCConfigurationList</string></dict><key>000000000000000000000064</key><dict><key>buildConfigurationList</key><string>000000000000000000000063</string><key>hasScannedForEncodings</key><string>0</string><key>isa</key><string>PBXProject</string><key>mainGroup</key><string>000000000000000000000060</string><key>projectDirPath</key><string/><key>projectRoot</key><string>../../../../../../CooCox/CoIDE/configuration/ProgramData/stm32f207zg_mcr20a</string><key>targets</key><array><string>0000000000000000000000c7</string></array></dict><key>000000000000000000000065</key><dict><key>buildSettings</key><dict><key>COPY_PHASE_STRIP</key><string>NO</string><key>GCC_DYNAMIC_NO_PIC</key><string>NO</string><key>GCC_ENABLE_FIX_AND_CONTINUE</key><string>YES</string><key>GCC_MODEL_TUNING</key><string>G5</string><key>GCC_OPTIMIZATION_LEVEL</key><string>0</string><key>INSTALL_PATH</key><string>$(HOME)/bin</string><key>PRODUCT_NAME</key><string>app_boot.elf</string><key>ZERO_LINK</key><string>YES</string></dict><key>isa</key><string>XCBuildConfiguration</string><key>name</key><string>Debug</string></dict><key>000000000000000000000066</key><dict><key>buildSettings</key><dict><key>ARCHS</key><array><string>ppc</string><string>i386</string></array><key>GCC_GENERATE_DEBUGGING_SYMBOLS</key><string>NO</string><key>GCC_MODEL_TUNING</key><string>G5</string><key>INSTALL_PATH</key><string>$(HOME)/bin</string><key>PRODUCT_NAME</key><string>app_boot.elf</string></dict><key>isa</key><string>XCBuildConfiguration</string><key>name</key><string>Release</string></dict><key>000000000000000000000067</key><dict><key>buildConfigurations</key><array><string>000000000000000000000065</string><string>000000000000000000000066</string></array><key>isa</key><string>XCConfigurationList</string></dict><key>000000000000000000000068</key><dict><key>fileRef</key><string>000000000000000000000000</string><key>isa</key><string>PBXBuildFile</string><key>settings</key><dict><key>ATTRIBUTES</key><array/></dict></dict><key>000000000000000000000069</key><dict><key>fileRef</key><string>000000000000000000000001</string><key>isa</key><string>PBXBuildFile</string><key>settings</key><dict><key>ATTRIBUTES</key><array/></dict></dict><key>00000000000000000000006a</key><dict><key>fileRef</key><string>000000000000000000000002</string><key>isa</key><string>PBXBuildFile</string><key>settings</key><dict><key>ATTRIBUTES</key><array/></dict></dict><key>00000000000000000000006b</key><dict><key>fileRef</key><string>000000000000000000000003</string><key>isa</key><string>PBXBuildFile</string><key>settings</key><dict><key>ATTRIBUTES</key><array/></dict></dict><key>00000000000000000000006c</key><dict><key>fileRef</key><string>000000000000000000000004</string><key>isa</key><string>PBXBuildFile</string><key>settings</key><dict><key>ATTRIBUTES</key><array/></dict></dict><key>00000000000000000000006d</key><dict><key>fileRef</key><string>000000000000000000000005</string><key>isa</key><string>PBXBuildFile</string><key>settings</key><dict><key>ATTRIBUTES</key><array/></dict></dict><key>00000000000000000000006e</key><dict><key>fileRef</key><string>000000000000000000000006</string><key>isa</key><string>PBXBuildFile</string><key>settings</key><dict><key>ATTRIBUTES</key><array/></dict></dict><key>00000000000000000000006f</key><dict><key>fileRef</key><string>000000000000000000000007</string><key>isa</key><string>PBXBuildFile</string><key>settings</key><dict><key>ATTRIBUTES</key><array/></dict></dict><key>000000000000000000000070</key><dict><key>fileRef</key><string>000000000000000000000008</string><key>isa</key><string>PBXBuildFile</string><key>settings</key><dict><key>ATTRIBUTES</key><array/></dict></dict><key>000000000000000000000071</key><dict><key>fileRef</key><string>000000000000000000000009</string><key>isa</key><string>PBXBuildFile</string><key>settings</key><dict><key>ATTRIBUTES</key><array/></dict></dict><key>000000000000000000000072</key><dict><key>fileRef</key><string>00000000000000000000000a</string><key>isa</key><string>PBXBuildFile</string><key>settings</key><dict><key>ATTRIBUTES</key><array/></dict></dict><key>000000000000000000000073</key><dict><key>fileRef</key><string>00000000000000000000000b</string><key>isa</key><string>PBXBuildFile</string><key>settings</key><dict><key>ATTRIBUTES</key><array/></dict></dict><key>000000000000000000000074</key><dict><key>fileRef</key><string>00000000000000000000000c</string><key>isa</key><string>PBXBuildFile</string><key>settings</key><dict><key>ATTRIBUTES</key><array/></dict></dict><key>000000000000000000000075</key><dict><key>fileRef</key><string>00000000000000000000000d</string><key>isa</key><string>PBXBuildFile</string><key>settings</key><dict><key>ATTRIBUTES</key><array/></dict></dict><key>000000000000000000000076</key><dict><key>fileRef</key><string>00000000000000000000000e</string><key>isa</key><string>PBXBuildFile</string><key>settings</key><dict><key>ATTRIBUTES</key><array/></dict></dict><key>000000000000000000000077</key><dict><key>fileRef</key><string>00000000000000000000000f</string><key>isa</key><string>PBXBuildFile</string><key>settings</key><dict><key>ATTRIBUTES</key><array/></dict></dict><key>000000000000000000000078</key><dict><key>fileRef</key><string>000000000000000000000010</string><key>isa</key><string>PBXBuildFile</string><key>settings</key><dict><key>ATTRIBUTES</key><array/></dict></dict><key>000000000000000000000079</key><dict><key>fileRef</key><string>000000000000000000000011</string><key>isa</key><string>PBXBuildFile</string><key>settings</key><dict><key>ATTRIBUTES</key><array/></dict></dict><key>00000000000000000000007a</key><dict><key>fileRef</key><string>000000000000000000000012</string><key>isa</key><string>PBXBuildFile</string><key>settings</key><dict><key>ATTRIBUTES</key><array/></dict></dict><key>00000000000000000000007b</key><dict><key>fileRef</key><string>000000000000000000000013</string><key>isa</key><string>PBXBuildFile</string><key>settings</key><dict><key>ATTRIBUTES</key><array/></dict></dict><key>00000000000000000000007c</key><dict><key>fileRef</key><string>000000000000000000000014</string><key>isa</key><string>PBXBuildFile</string><key>settings</key><dict><key>ATTRIBUTES</key><array/></dict></dict><key>00000000000000000000007d</key><dict><key>fileRef</key><string>000000000000000000000015</string><key>isa</key><string>PBXBuildFile</string><key>settings</key><dict><key>ATTRIBUTES</key><array/></dict></dict><key>00000000000000000000007e</key><dict><key>fileRef</key><string>000000000000000000000016</string><key>isa</key><string>PBXBuildFile</string><key>settings</key><dict><key>ATTRIBUTES</key><array/></dict></dict><key>00000000000000000000007f</key><dict><key>fileRef</key><string>000000000000000000000017</string><key>isa</key><string>PBXBuildFile</string><key>settings</key><dict><key>ATTRIBUTES</key><array/></dict></dict><key>000000000000000000000080</key><dict><key>fileRef</key><string>000000000000000000000018</string><key>isa</key><string>PBXBuildFile</string><key>settings</key><dict><key>ATTRIBUTES</key><array/></dict></dict><key>000000000000000000000081</key><dict><key>fileRef</key><string>000000000000000000000019</string><key>isa</key><string>PBXBuildFile</string><key>settings</key><dict><key>ATTRIBUTES</key><array/></dict></dict><key>000000000000000000000082</key><dict><key>fileRef</key><string>00000000000000000000001a</string><key>isa</key><string>PBXBuildFile</string><key>settings</key><dict><key>ATTRIBUTES</key><array/></dict></dict><key>000000000000000000000083</key><dict><key>fileRef</key><string>00000000000000000000001b</string><key>isa</key><string>PBXBuildFile</string><key>settings</key><dict><key>ATTRIBUTES</key><array/></dict></dict><key>000000000000000000000084</key><dict><key>fileRef</key><string>00000000000000000000001c</string><key>isa</key><string>PBXBuildFile</string><key>settings</key><dict><key>ATTRIBUTES</key><array/></dict></dict><key>000000000000000000000085</key><dict><key>fileRef</key><string>00000000000000000000001d</string><key>isa</key><string>PBXBuildFile</string><key>settings</key><dict><key>ATTRIBUTES</key><array/></dict></dict><key>000000000000000000000086</key><dict><key>fileRef</key><string>00000000000000000000001e</string><key>isa</key><string>PBXBuildFile</string><key>settings</key><dict><key>ATTRIBUTES</key><array/></dict></dict><key>000000000000000000000087</key><dict><key>fileRef</key><string>00000000000000000000001f</string><key>isa</key><string>PBXBuildFile</string><key>settings</key><dict><key>ATTRIBUTES</key><array/></dict></dict><key>000000000000000000000088</key><dict><key>fileRef</key><string>000000000000000000000020</string><key>isa</key><string>PBXBuildFile</string><key>settings</key><dict><key>ATTRIBUTES</key><array/></dict></dict><key>000000000000000000000089</key><dict><key>fileRef</key><string>000000000000000000000021</string><key>isa</key><string>PBXBuildFile</string><key>settings</key><dict><key>ATTRIBUTES</key><array/></dict></dict><key>00000000000000000000008a</key><dict><key>fileRef</key><string>000000000000000000000022</string><key>isa</key><string>PBXBuildFile</string><key>settings</key><dict><key>ATTRIBUTES</key><array/></dict></dict><key>00000000000000000000008b</key><dict><key>fileRef</key><string>000000000000000000000023</string><key>isa</key><string>PBXBuildFile</string><key>settings</key><dict><key>ATTRIBUTES</key><array/></dict></dict><key>00000000000000000000008c</key><dict><key>fileRef</key><string>000000000000000000000024</string><key>isa</key><string>PBXBuildFile</string><key>settings</key><dict><key>ATTRIBUTES</key><array/></dict></dict><key>00000000000000000000008d</key><dict><key>fileRef</key><string>000000000000000000000025</string><key>isa</key><string>PBXBuildFile</string><key>settings</key><dict><key>ATTRIBUTES</key><array/></dict></dict><key>00000000000000000000008e</key><dict><key>fileRef</key><string>000000000000000000000026</string><key>isa</key><string>PBXBuildFile</string><key>settings</key><dict><key>ATTRIBUTES</key><array/></dict></dict><key>00000000000000000000008f</key><dict><key>fileRef</key><string>000000000000000000000027</string><key>isa</key><string>PBXBuildFile</string><key>settings</key><dict><key>ATTRIBUTES</key><array/></dict></dict><key>000000000000000000000090</key><dict><key>fileRef</key><string>000000000000000000000028</string><key>isa</key><string>PBXBuildFile</string><key>settings</key><dict><key>ATTRIBUTES</key><array/></dict></dict><key>000000000000000000000091</key><dict><key>fileRef</key><string>000000000000000000000029</string><key>isa</key><string>PBXBuildFile</string><key>settings</key><dict><key>ATTRIBUTES</key><array/></dict></dict><key>000000000000000000000092</key><dict><key>fileRef</key><string>00000000000000000000002a</string><key>isa</key><string>PBXBuildFile</string><key>settings</key><dict><key>ATTRIBUTES</key><array/></dict></dict><key>000000000000000000000093</key><dict><key>fileRef</key><string>00000000000000000000002b</string><key>isa</key><string>PBXBuildFile</string><key>settings</key><dict><key>ATTRIBUTES</key><array/></dict></dict><key>000000000000000000000094</key><dict><key>fileRef</key><string>00000000000000000000002c</string><key>isa</key><string>PBXBuildFile</string><key>settings</key><dict><key>ATTRIBUTES</key><array/></dict></dict><key>000000000000000000000095</key><dict><key>fileRef</key><string>00000000000000000000002d</string><key>isa</key><string>PBXBuildFile</string><key>settings</key><dict><key>ATTRIBUTES</key><array/></dict></dict><key>000000000000000000000096</key><dict><key>fileRef</key><string>00000000000000000000002e</string><key>isa</key><string>PBXBuildFile</string><key>settings</key><dict><key>ATTRIBUTES</key><array/></dict></dict><key>000000000000000000000097</key><dict><key>fileRef</key><string>00000000000000000000002f</string><key>isa</key><string>PBXBuildFile</string><key>settings</key><dict><key>ATTRIBUTES</key><array/></dict></dict><key>000000000000000000000098</key><dict><key>fileRef</key><string>000000000000000000000030</string><key>isa</key><string>PBXBuildFile</string><key>settings</key><dict><key>ATTRIBUTES</key><array/></dict></dict><key>000000000000000000000099</key><dict><key>fileRef</key><string>000000000000000000000031</string><key>isa</key><string>PBXBuildFile</string><key>settings</key><dict><key>ATTRIBUTES</key><array/></dict></dict><key>00000000000000000000009a</key><dict><key>fileRef</key><string>000000000000000000000032</string><key>isa</key><string>PBXBuildFile</string><key>settings</key><dict><key>ATTRIBUTES</key><array/></dict></dict><key>00000000000000000000009b</key><dict><key>fileRef</key><string>000000000000000000000033</string><key>isa</key><string>PBXBuildFile</string><key>settings</key><dict><key>ATTRIBUTES</key><array/></dict></dict><key>00000000000000000000009c</key><dict><key>fileRef</key><string>000000000000000000000034</string><key>isa</key><string>PBXBuildFile</string><key>settings</key><dict><key>ATTRIBUTES</key><array/></dict></dict><key>00000000000000000000009d</key><dict><key>fileRef</key><string>000000000000000000000035</string><key>isa</key><string>PBXBuildFile</string><key>settings</key><dict><key>ATTRIBUTES</key><array/></dict></dict><key>00000000000000000000009e</key><dict><key>fileRef</key><string>000000000000000000000036</string><key>isa</key><string>PBXBuildFile</string><key>settings</key><dict><key>ATTRIBUTES</key><array/></dict></dict><key>00000000000000000000009f</key><dict><key>fileRef</key><string>000000000000000000000037</string><key>isa</key><string>PBXBuildFile</string><key>settings</key><dict><key>ATTRIBUTES</key><array/></dict></dict><key>0000000000000000000000a0</key><dict><key>fileRef</key><string>000000000000000000000038</string><key>isa</key><string>PBXBuildFile</string><key>settings</key><dict><key>ATTRIBUTES</key><array/></dict></dict><key>0000000000000000000000a1</key><dict><key>fileRef</key><string>000000000000000000000039</string><key>isa</key><string>PBXBuildFile</string><key>settings</key><dict><key>ATTRIBUTES</key><array/></dict></dict><key>0000000000000000000000a2</key><dict><key>fileRef</key><string>00000000000000000000003a</string><key>isa</key><string>PBXBuildFile</string><key>settings</key><dict><key>ATTRIBUTES</key><array/></dict></dict><key>0000000000000000000000a3</key><dict><key>fileRef</key><string>00000000000000000000003b</string><key>isa</key><string>PBXBuildFile</string><key>settings</key><dict><key>ATTRIBUTES</key><array/></dict></dict><key>0000000000000000000000a4</key><dict><key>fileRef</key><string>00000000000000000000003c</string><key>isa</key><string>PBXBuildFile</string><key>settings</key><dict><key>ATTRIBUTES</key><array/></dict></dict><key>0000000000000000000000a5</key><dict><key>fileRef</key><string>00000000000000000000003d</string><key>isa</key><string>PBXBuildFile</string><key>settings</key><dict><key>ATTRIBUTES</key><array/></dict></dict><key>0000000000000000000000a6</key><dict><key>fileRef</key><string>00000000000000000000003e</string><key>isa</key><string>PBXBuildFile</string><key>settings</key><dict><key>ATTRIBUTES</key><array/></dict></dict><key>0000000000000000000000a7</key><dict><key>fileRef</key><string>00000000000000000000003f</string><key>isa</key><string>PBXBuildFile</string><key>settings</key><dict><key>ATTRIBUTES</key><array/></dict></dict><key>0000000000000000000000a8</key><dict><key>fileRef</key><string>000000000000000000000040</string><key>isa</key><string>PBXBuildFile</string><key>settings</key><dict><key>ATTRIBUTES</key><array/></dict></dict><key>0000000000000000000000a9</key><dict><key>fileRef</key><string>000000000000000000000041</string><key>isa</key><string>PBXBuildFile</string><key>settings</key><dict><key>ATTRIBUTES</key><array/></dict></dict><key>0000000000000000000000aa</key><dict><key>fileRef</key><string>000000000000000000000042</string><key>isa</key><string>PBXBuildFile</string><key>settings</key><dict><key>ATTRIBUTES</key><array/></dict></dict><key>0000000000000000000000ab</key><dict><key>fileRef</key><string>000000000000000000000043</string><key>isa</key><string>PBXBuildFile</string><key>settings</key><dict><key>ATTRIBUTES</key><array/></dict></dict><key>0000000000000000000000ac</key><dict><key>fileRef</key><string>000000000000000000000044</string><key>isa</key><string>PBXBuildFile</string><key>settings</key><dict><key>ATTRIBUTES</key><array/></dict></dict><key>0000000000000000000000ad</key><dict><key>fileRef</key><string>000000000000000000000045</string><key>isa</key><string>PBXBuildFile</string><key>settings</key><dict><key>ATTRIBUTES</key><array/></dict></dict><key>0000000000000000000000ae</key><dict><key>fileRef</key><string>000000000000000000000046</string><key>isa</key><string>PBXBuildFile</string><key>settings</key><dict><key>ATTRIBUTES</key><array/></dict></dict><key>0000000000000000000000af</key><dict><key>fileRef</key><string>000000000000000000000047</string><key>isa</key><string>PBXBuildFile</string><key>settings</key><dict><key>ATTRIBUTES</key><array/></dict></dict><key>0000000000000000000000b0</key><dict><key>fileRef</key><string>000000000000000000000048</string><key>isa</key><string>PBXBuildFile</string><key>settings</key><dict><key>ATTRIBUTES</key><array/></dict></dict><key>0000000000000000000000b1</key><dict><key>fileRef</key><string>000000000000000000000049</string><key>isa</key><string>PBXBuildFile</string><key>settings</key><dict><key>ATTRIBUTES</key><array/></dict></dict><key>0000000000000000000000b2</key><dict><key>fileRef</key><string>00000000000000000000004a</string><key>isa</key><string>PBXBuildFile</string><key>settings</key><dict><key>ATTRIBUTES</key><array/></dict></dict><key>0000000000000000000000b3</key><dict><key>fileRef</key><string>00000000000000000000004b</string><key>isa</key><string>PBXBuildFile</string><key>settings</key><dict><key>ATTRIBUTES</key><array/></dict></dict><key>0000000000000000000000b4</key><dict><key>fileRef</key><string>00000000000000000000004c</string><key>isa</key><string>PBXBuildFile</string><key>settings</key><dict><key>ATTRIBUTES</key><array/></dict></dict><key>0000000000000000000000b5</key><dict><key>fileRef</key><string>00000000000000000000004d</string><key>isa</key><string>PBXBuildFile</string><key>settings</key><dict><key>ATTRIBUTES</key><array/></dict></dict><key>0000000000000000000000b6</key><dict><key>fileRef</key><string>00000000000000000000004e</string><key>isa</key><string>PBXBuildFile</string><key>settings</key><dict><key>ATTRIBUTES</key><array/></dict></dict><key>0000000000000000000000b7</key><dict><key>fileRef</key><string>00000000000000000000004f</string><key>isa</key><string>PBXBuildFile</string><key>settings</key><dict><key>ATTRIBUTES</key><array/></dict></dict><key>0000000000000000000000b8</key><dict><key>fileRef</key><string>000000000000000000000050</string><key>isa</key><string>PBXBuildFile</string><key>settings</key><dict><key>ATTRIBUTES</key><array/></dict></dict><key>0000000000000000000000b9</key><dict><key>fileRef</key><string>000000000000000000000051</string><key>isa</key><string>PBXBuildFile</string><key>settings</key><dict><key>ATTRIBUTES</key><array/></dict></dict><key>0000000000000000000000ba</key><dict><key>fileRef</key><string>000000000000000000000052</string><key>isa</key><string>PBXBuildFile</string><key>settings</key><dict><key>ATTRIBUTES</key><array/></dict></dict><key>0000000000000000000000bb</key><dict><key>fileRef</key><string>000000000000000000000053</string><key>isa</key><string>PBXBuildFile</string><key>settings</key><dict><key>ATTRIBUTES</key><array/></dict></dict><key>0000000000000000000000bc</key><dict><key>fileRef</key><string>000000000000000000000054</string><key>isa</key><string>PBXBuildFile</string><key>settings</key><dict><key>ATTRIBUTES</key><array/></dict></dict><key>0000000000000000000000bd</key><dict><key>fileRef</key><string>000000000000000000000055</string><key>isa</key><string>PBXBuildFile</string><key>settings</key><dict><key>ATTRIBUTES</key><array/></dict></dict><key>0000000000000000000000be</key><dict><key>fileRef</key><string>000000000000000000000056</string><key>isa</key><string>PBXBuildFile</string><key>settings</key><dict><key>ATTRIBUTES</key><array/></dict></dict><key>0000000000000000000000bf</key><dict><key>fileRef</key><string>000000000000000000000057</string><key>isa</key><string>PBXBuildFile</string><key>settings</key><dict><key>ATTRIBUTES</key><array/></dict></dict><key>0000000000000000000000c0</key><dict><key>fileRef</key><string>000000000000000000000058</string><key>isa</key><string>PBXBuildFile</string><key>settings</key><dict><key>ATTRIBUTES</key><array/></dict></dict><key>0000000000000000000000c1</key><dict><key>fileRef</key><string>000000000000000000000059</string><key>isa</key><string>PBXBuildFile</string><key>settings</key><dict><key>ATTRIBUTES</key><array/></dict></dict><key>0000000000000000000000c2</key><dict><key>fileRef</key><string>00000000000000000000005a</string><key>isa</key><string>PBXBuildFile</string><key>settings</key><dict><key>ATTRIBUTES</key><array/></dict></dict><key>0000000000000000000000c3</key><dict><key>fileRef</key><string>00000000000000000000005b</string><key>isa</key><string>PBXBuildFile</string><key>settings</key><dict><key>ATTRIBUTES</key><array/></dict></dict><key>0000000000000000000000c4</key><dict><key>buildActionMask</key><string>2147483647</string><key>files</key><array><string>000000000000000000000068</string><string>000000000000000000000069</string><string>00000000000000000000006a</string><string>00000000000000000000006b</string><string>00000000000000000000006c</string><string>00000000000000000000006d</string><string>00000000000000000000006e</string><string>00000000000000000000006f</string><string>000000000000000000000070</string><string>000000000000000000000071</string><string>000000000000000000000072</string><string>000000000000000000000073</string><string>000000000000000000000074</string><string>000000000000000000000075</string><string>000000000000000000000076</string><string>000000000000000000000077</string><string>000000000000000000000078</string><string>000000000000000000000079</string><string>00000000000000000000007a</string><string>00000000000000000000007b</string><string>00000000000000000000007c</string><string>00000000000000000000007d</string><string>00000000000000000000007e</string><string>00000000000000000000007f</string><string>000000000000000000000080</string><string>000000000000000000000081</string><string>000000000000000000000082</string><string>000000000000000000000083</string><string>000000000000000000000084</string><string>000000000000000000000085</string><string>000000000000000000000086</string><string>000000000000000000000087</string><string>000000000000000000000088</string><string>000000000000000000000089</string><string>00000000000000000000008a</string><string>00000000000000000000008b</string><string>00000000000000000000008c</string><string>00000000000000000000008d</string><string>00000000000000000000008e</string><string>00000000000000000000008f</string><string>000000000000000000000090</string><string>000000000000000000000091</string><string>000000000000000000000092</string><string>000000000000000000000093</string><string>000000000000000000000094</string><string>000000000000000000000095</string><string>000000000000000000000096</string><string>000000000000000000000097</string><string>000000000000000000000098</string><string>000000000000000000000099</string><string>00000000000000000000009a</string><string>00000000000000000000009b</string><string>00000000000000000000009c</string><string>00000000000000000000009d</string><string>00000000000000000000009e</string><string>00000000000000000000009f</string><string>0000000000000000000000a0</string><string>0000000000000000000000a1</string><string>0000000000000000000000a2</string><string>0000000000000000000000a3</string><string>0000000000000000000000a4</string><string>0000000000000000000000a5</string><string>0000000000000000000000a6</string><string>0000000000000000000000a7</string><string>0000000000000000000000a8</string><string>0000000000000000000000a9</string><string>0000000000000000000000aa</string><string>0000000000000000000000ab</string><string>0000000000000000000000ac</string><string>0000000000000000000000ad</string><string>0000000000000000000000ae</string><string>0000000000000000000000af</string><string>0000000000000000000000b0</string><string>0000000000000000000000b1</string><string>0000000000000000000000b2</string><string>0000000000000000000000b3</string><string>0000000000000000000000b4</string><string>0000000000000000000000b5</string><string>0000000000000000000000b6</string><string>0000000000000000000000b7</string><string>0000000000000000000000b8</string><string>0000000000000000000000b9</string><string>0000000000000000000000ba</string><string>0000000000000000000000bb</string><string>0000000000000000000000bc</string><string>0000000000000000000000bd</string><string>0000000000000000000000be</string><string>0000000000000000000000bf</string><string>0000000000000000000000c0</string><string>0000000000000000000000c1</string><string>0000000000000000000000c2</string><string>0000000000000000000000c3</string></array><key>isa</key><string>PBXSourcesBuildPhase</string><key>runOnlyForDeploymentPostprocessing</key><string>0</string></dict><key>0000000000000000000000c5</key><dict><key>buildActionMask</key><string>8</string><key>files</key><array/><key>isa</key><string>PBXFrameworksBuildPhase</string><key>runOnlyForDeploymentPostprocessing</key><string>0</string></dict><key>0000000000000000000000c6</key><dict><key>buildActionMask</key><string>8</string><key>dstPath</key><string>/usr/share/man/man1</string><key>dstSubfolderSpec</key><string>0</string><key>files</key><array/><key>isa</key><string>PBXCopyFilesBuildPhase</string><key>runOnlyForDeploymentPostprocessing</key><string>1</string></dict><key>0000000000000000000000c7</key><dict><key>buildConfigurationList</key><string>000000000000000000000067</string><key>buildPhases</key><array><string>0000000000000000000000c4</string><string>0000000000000000000000c5</string><string>0000000000000000000000c6</string></array><key>buildRules</key><array/><key>dependencies</key><array/><key>isa</key><string>PBXNativeTarget</string><key>name</key><string>app_boot.elf</string><key>productInstallPath</key><string>$(HOME)/bin</string><key>productName</key><string>app_boot.elf</string><key>productReference</key><string>00000000000000000000005d</string><key>productType</key><string>com.apple.product-type.tool</string></dict></dict><key>rootObject</key><string>000000000000000000000064</string></dict></plist>